
Microsoft Visual Studio Solution File, Format Version 12.00
# Visual Studio Version 16
VisualStudioVersion = 16.0.31025.194
MinimumVisualStudioVersion = 10.0.40219.1
Project("{FAE04EC0-301F-11D3-BF4B-00C04F79EFBC}") = "SolarPanelRotator", "SolarPanelRotator.csproj", "{24AACDBA-3494-436C-956B-8314A94EEBDE}"
EndProject
Global
	GlobalSection(SolutionConfigurationPlatforms) = preSolution
		Debug|x64 = Debug|x64
	EndGlobalSection
	GlobalSection(ProjectConfigurationPlatforms) = postSolution
		{24AACDBA-3494-436C-956B-8314A94EEBDE}.Debug|x64.ActiveCfg = Debug|x64
		{24AACDBA-3494-436C-956B-8314A94EEBDE}.Debug|x64.Build.0 = Debug|x64
	EndGlobalSection
	GlobalSection(SolutionProperties) = preSolution
		HideSolutionNode = FALSE
	EndGlobalSection
	GlobalSection(ExtensibilityGlobals) = postSolution
		SolutionGuid = {711692FE-82BC-4012-B39A-82A00FEFDA2D}
	EndGlobalSection
EndGlobal
